dependencies:
- name: mariadb
  repository: https://raw.githubusercontent.com/bitnami/charts/archive-full-index/bitnami
  version: 10.5.1
- name: solr
  repository: https://raw.githubusercontent.com/bitnami/charts/archive-full-index/bitnami
  version: 4.1.2
digest: sha256:32016b6b5cb3dafc31d8a8ba0be975061dfcea1ee301ac0f11d71e60176e539f
generated: "2023-06-21T10:36:32.053512+02:00"
